
Microsoft Visual Studio Solution File, Format Version 12.00
# Visual Studio Version 17
VisualStudioVersion = 17.8.34309.116
MinimumVisualStudioVersion = 10.0.40219.1
Project("{9A19103F-16F7-4668-BE54-9A1E7A4F7556}") = "leetcode", "leetcode\leetcode.csproj", "{960E3127-178D-4D19-962E-01318A57A18C}"
EndProject
Project("{FAE04EC0-301F-11D3-BF4B-00C04F79EFBC}") = "TestLeetcode", "TestLeetcode\TestLeetcode.csproj", "{32DDA204-1904-441A-BDBA-4B66EF9157BB}"
EndProject
Global
	GlobalSection(SolutionConfigurationPlatforms) = preSolution
		Debug|Any CPU = Debug|Any CPU
		Release|Any CPU = Release|Any CPU
	EndGlobalSection
	GlobalSection(ProjectConfigurationPlatforms) = postSolution
		{960E3127-178D-4D19-962E-01318A57A18C}.Debug|Any CPU.ActiveCfg = Debug|Any CPU
		{960E3127-178D-4D19-962E-01318A57A18C}.Debug|Any CPU.Build.0 = Debug|Any CPU
		{960E3127-178D-4D19-962E-01318A57A18C}.Release|Any CPU.ActiveCfg = Release|Any CPU
		{960E3127-178D-4D19-962E-01318A57A18C}.Release|Any CPU.Build.0 = Release|Any CPU
		{32DDA204-1904-441A-BDBA-4B66EF9157BB}.Debug|Any CPU.ActiveCfg = Debug|Any CPU
		{32DDA204-1904-441A-BDBA-4B66EF9157BB}.Debug|Any CPU.Build.0 = Debug|Any CPU
		{32DDA204-1904-441A-BDBA-4B66EF9157BB}.Release|Any CPU.ActiveCfg = Release|Any CPU
		{32DDA204-1904-441A-BDBA-4B66EF9157BB}.Release|Any CPU.Build.0 = Release|Any CPU
	EndGlobalSection
	GlobalSection(SolutionProperties) = preSolution
		HideSolutionNode = FALSE
	EndGlobalSection
	GlobalSection(ExtensibilityGlobals) = postSolution
		SolutionGuid = {297355AC-3D2A-46CB-8D43-D04B2AA7F98C}
	EndGlobalSection
EndGlobal
